
Microsoft Visual Studio Solution File, Format Version 12.00
# Visual Studio Version 16
VisualStudioVersion = 16.0.31624.102
MinimumVisualStudioVersion = 10.0.40219.1
Project("{9A19103F-16F7-4668-BE54-9A1E7A4F7556}") = "ADSI_2338200_2", "ADSI_2338200_2\ADSI_2338200_2.csproj", "{2858E960-74CA-413B-8B28-4A6C98A89519}"
EndProject
Project("{9A19103F-16F7-4668-BE54-9A1E7A4F7556}") = "EjeCondSimples", "EjeCondSimples\EjeCondSimples.csproj", "{7A938757-315E-4D27-A919-DB104C2EE1D0}"
EndProject
Project("{FAE04EC0-301F-11D3-BF4B-00C04F79EFBC}") = "EjeCondDobles", "EjeCondDobles\EjeCondDobles.csproj", "{2163755D-2418-427B-8AD7-0094E3DB0EBB}"
EndProject
Project("{FAE04EC0-301F-11D3-BF4B-00C04F79EFBC}") = "EjeCondMultiples", "EjeCondMultiples\EjeCondMultiples.csproj", "{215C20F5-C679-4591-9EBB-45908A69642D}"
EndProject
Project("{FAE04EC0-301F-11D3-BF4B-00C04F79EFBC}") = "EjeCondAnidados", "EjeCondAnidados\EjeCondAnidados.csproj", "{1FCB1D72-5C29-44CB-BAE3-0DE7D909185A}"
EndProject
Global
	GlobalSection(SolutionConfigurationPlatforms) = preSolution
		Debug|Any CPU = Debug|Any CPU
		Release|Any CPU = Release|Any CPU
	EndGlobalSection
	GlobalSection(ProjectConfigurationPlatforms) = postSolution
		{2858E960-74CA-413B-8B28-4A6C98A89519}.Debug|Any CPU.ActiveCfg = Debug|Any CPU
		{2858E960-74CA-413B-8B28-4A6C98A89519}.Debug|Any CPU.Build.0 = Debug|Any CPU
		{2858E960-74CA-413B-8B28-4A6C98A89519}.Release|Any CPU.ActiveCfg = Release|Any CPU
		{2858E960-74CA-413B-8B28-4A6C98A89519}.Release|Any CPU.Build.0 = Release|Any CPU
		{7A938757-315E-4D27-A919-DB104C2EE1D0}.Debug|Any CPU.ActiveCfg = Debug|Any CPU
		{7A938757-315E-4D27-A919-DB104C2EE1D0}.Debug|Any CPU.Build.0 = Debug|Any CPU
		{7A938757-315E-4D27-A919-DB104C2EE1D0}.Release|Any CPU.ActiveCfg = Release|Any CPU
		{7A938757-315E-4D27-A919-DB104C2EE1D0}.Release|Any CPU.Build.0 = Release|Any CPU
		{2163755D-2418-427B-8AD7-0094E3DB0EBB}.Debug|Any CPU.ActiveCfg = Debug|Any CPU
		{2163755D-2418-427B-8AD7-0094E3DB0EBB}.Debug|Any CPU.Build.0 = Debug|Any CPU
		{2163755D-2418-427B-8AD7-0094E3DB0EBB}.Release|Any CPU.ActiveCfg = Release|Any CPU
		{2163755D-2418-427B-8AD7-0094E3DB0EBB}.Release|Any CPU.Build.0 = Release|Any CPU
		{215C20F5-C679-4591-9EBB-45908A69642D}.Debug|Any CPU.ActiveCfg = Debug|Any CPU
		{215C20F5-C679-4591-9EBB-45908A69642D}.Debug|Any CPU.Build.0 = Debug|Any CPU
		{215C20F5-C679-4591-9EBB-45908A69642D}.Release|Any CPU.ActiveCfg = Release|Any CPU
		{215C20F5-C679-4591-9EBB-45908A69642D}.Release|Any CPU.Build.0 = Release|Any CPU
		{1FCB1D72-5C29-44CB-BAE3-0DE7D909185A}.Debug|Any CPU.ActiveCfg = Debug|Any CPU
		{1FCB1D72-5C29-44CB-BAE3-0DE7D909185A}.Debug|Any CPU.Build.0 = Debug|Any CPU
		{1FCB1D72-5C29-44CB-BAE3-0DE7D909185A}.Release|Any CPU.ActiveCfg = Release|Any CPU
		{1FCB1D72-5C29-44CB-BAE3-0DE7D909185A}.Release|Any CPU.Build.0 = Release|Any CPU
	EndGlobalSection
	GlobalSection(SolutionProperties) = preSolution
		HideSolutionNode = FALSE
	EndGlobalSection
	GlobalSection(ExtensibilityGlobals) = postSolution
		SolutionGuid = {92ED1753-42DB-4105-B07B-82DFFB7E9E3D}
	EndGlobalSection
EndGlobal
